
Microsoft Visual Studio Solution File, Format Version 12.00
# Visual Studio Version 17
VisualStudioVersion = 17.1.32210.238
MinimumVisualStudioVersion = 10.0.40219.1
Project("{9A19103F-16F7-4668-BE54-9A1E7A4F7556}") = "GRIDevelopment", "GRIDevelopment\GRIDevelopment.csproj", "{2C8F9844-AF49-4FDA-82C6-64024612EB86}"
EndProject
Project("{FAE04EC0-301F-11D3-BF4B-00C04F79EFBC}") = "BAL", "BAL\BAL.csproj", "{D2DE33B6-68C3-4ED8-A03D-FD973E780479}"
EndProject
Project("{FAE04EC0-301F-11D3-BF4B-00C04F79EFBC}") = "DAL", "DAL\DAL.csproj", "{602CE056-74BE-4F1E-8DA7-8F3D6FEB4E6F}"
EndProject
Project("{FAE04EC0-301F-11D3-BF4B-00C04F79EFBC}") = "Contract", "Contract\Contract.csproj", "{32F0514A-44C9-4E2B-8FAA-6715FA552296}"
EndProject
Project("{FAE04EC0-301F-11D3-BF4B-00C04F79EFBC}") = "Mapper", "Mapper\Mapper.csproj", "{6F0F637C-E8C1-40B9-AC09-733208DC74A0}"
EndProject
Global
	GlobalSection(SolutionConfigurationPlatforms) = preSolution
		Debug|Any CPU = Debug|Any CPU
		Release|Any CPU = Release|Any CPU
	EndGlobalSection
	GlobalSection(ProjectConfigurationPlatforms) = postSolution
		{2C8F9844-AF49-4FDA-82C6-64024612EB86}.Debug|Any CPU.ActiveCfg = Debug|Any CPU
		{2C8F9844-AF49-4FDA-82C6-64024612EB86}.Debug|Any CPU.Build.0 = Debug|Any CPU
		{2C8F9844-AF49-4FDA-82C6-64024612EB86}.Release|Any CPU.ActiveCfg = Release|Any CPU
		{2C8F9844-AF49-4FDA-82C6-64024612EB86}.Release|Any CPU.Build.0 = Release|Any CPU
		{D2DE33B6-68C3-4ED8-A03D-FD973E780479}.Debug|Any CPU.ActiveCfg = Debug|Any CPU
		{D2DE33B6-68C3-4ED8-A03D-FD973E780479}.Debug|Any CPU.Build.0 = Debug|Any CPU
		{D2DE33B6-68C3-4ED8-A03D-FD973E780479}.Release|Any CPU.ActiveCfg = Release|Any CPU
		{D2DE33B6-68C3-4ED8-A03D-FD973E780479}.Release|Any CPU.Build.0 = Release|Any CPU
		{602CE056-74BE-4F1E-8DA7-8F3D6FEB4E6F}.Debug|Any CPU.ActiveCfg = Debug|Any CPU
		{602CE056-74BE-4F1E-8DA7-8F3D6FEB4E6F}.Debug|Any CPU.Build.0 = Debug|Any CPU
		{602CE056-74BE-4F1E-8DA7-8F3D6FEB4E6F}.Release|Any CPU.ActiveCfg = Release|Any CPU
		{602CE056-74BE-4F1E-8DA7-8F3D6FEB4E6F}.Release|Any CPU.Build.0 = Release|Any CPU
		{32F0514A-44C9-4E2B-8FAA-6715FA552296}.Debug|Any CPU.ActiveCfg = Debug|Any CPU
		{32F0514A-44C9-4E2B-8FAA-6715FA552296}.Debug|Any CPU.Build.0 = Debug|Any CPU
		{32F0514A-44C9-4E2B-8FAA-6715FA552296}.Release|Any CPU.ActiveCfg = Release|Any CPU
		{32F0514A-44C9-4E2B-8FAA-6715FA552296}.Release|Any CPU.Build.0 = Release|Any CPU
		{6F0F637C-E8C1-40B9-AC09-733208DC74A0}.Debug|Any CPU.ActiveCfg = Debug|Any CPU
		{6F0F637C-E8C1-40B9-AC09-733208DC74A0}.Debug|Any CPU.Build.0 = Debug|Any CPU
		{6F0F637C-E8C1-40B9-AC09-733208DC74A0}.Release|Any CPU.ActiveCfg = Release|Any CPU
		{6F0F637C-E8C1-40B9-AC09-733208DC74A0}.Release|Any CPU.Build.0 = Release|Any CPU
	EndGlobalSection
	GlobalSection(SolutionProperties) = preSolution
		HideSolutionNode = FALSE
	EndGlobalSection
	GlobalSection(ExtensibilityGlobals) = postSolution
		SolutionGuid = {78B6441C-8F96-4E3A-ABF8-65B7A77C4AB3}
	EndGlobalSection
EndGlobal
